
Microsoft Visual Studio Solution File, Format Version 12.00
# Visual Studio Version 16
VisualStudioVersion = 16.0.33927.289
MinimumVisualStudioVersion = 10.0.40219.1
Project("{FAE04EC0-301F-11D3-BF4B-00C04F79EFBC}") = "Elevator", "Elevator.csproj", "{8BC3B219-905B-458E-831C-7F2FAAFF6FDE}"
EndProject
Project("{FAE04EC0-301F-11D3-BF4B-00C04F79EFBC}") = "TestProject", "..\TestProject\TestProject.csproj", "{2F2CDE9A-17B1-4D1F-9AF3-7CF86D1262D7}"
EndProject
Global
	GlobalSection(SolutionConfigurationPlatforms) = preSolution
		Debug|Any CPU = Debug|Any CPU
		Release|Any CPU = Release|Any CPU
	EndGlobalSection
	GlobalSection(ProjectConfigurationPlatforms) = postSolution
		{8BC3B219-905B-458E-831C-7F2FAAFF6FDE}.Debug|Any CPU.ActiveCfg = Debug|Any CPU
		{8BC3B219-905B-458E-831C-7F2FAAFF6FDE}.Debug|Any CPU.Build.0 = Debug|Any CPU
		{8BC3B219-905B-458E-831C-7F2FAAFF6FDE}.Release|Any CPU.ActiveCfg = Release|Any CPU
		{8BC3B219-905B-458E-831C-7F2FAAFF6FDE}.Release|Any CPU.Build.0 = Release|Any CPU
		{2F2CDE9A-17B1-4D1F-9AF3-7CF86D1262D7}.Debug|Any CPU.ActiveCfg = Debug|Any CPU
		{2F2CDE9A-17B1-4D1F-9AF3-7CF86D1262D7}.Debug|Any CPU.Build.0 = Debug|Any CPU
		{2F2CDE9A-17B1-4D1F-9AF3-7CF86D1262D7}.Release|Any CPU.ActiveCfg = Release|Any CPU
		{2F2CDE9A-17B1-4D1F-9AF3-7CF86D1262D7}.Release|Any CPU.Build.0 = Release|Any CPU
	EndGlobalSection
	GlobalSection(SolutionProperties) = preSolution
		HideSolutionNode = FALSE
	EndGlobalSection
	GlobalSection(ExtensibilityGlobals) = postSolution
		SolutionGuid = {00EE8046-3F53-4D7B-8DD0-B7CBD2010F7A}
	EndGlobalSection
EndGlobal
